
Microsoft Visual Studio Solution File, Format Version 12.00
# Visual Studio Version 17
VisualStudioVersion = 17.10.35027.167
MinimumVisualStudioVersion = 10.0.40219.1
Project("{FAE04EC0-301F-11D3-BF4B-00C04F79EFBC}") = "LibraryAzureFunctions", "LibraryAzureFunctions\LibraryAzureFunctions.csproj", "{09E1636E-7A2C-4C0B-AEB3-8D69C5E49994}"
EndProject
Global
	GlobalSection(SolutionConfigurationPlatforms) = preSolution
		Debug|Any CPU = Debug|Any CPU
		Release|Any CPU = Release|Any CPU
	EndGlobalSection
	GlobalSection(ProjectConfigurationPlatforms) = postSolution
		{09E1636E-7A2C-4C0B-AEB3-8D69C5E49994}.Debug|Any CPU.ActiveCfg = Debug|Any CPU
		{09E1636E-7A2C-4C0B-AEB3-8D69C5E49994}.Debug|Any CPU.Build.0 = Debug|Any CPU
		{09E1636E-7A2C-4C0B-AEB3-8D69C5E49994}.Release|Any CPU.ActiveCfg = Release|Any CPU
		{09E1636E-7A2C-4C0B-AEB3-8D69C5E49994}.Release|Any CPU.Build.0 = Release|Any CPU
	EndGlobalSection
	GlobalSection(SolutionProperties) = preSolution
		HideSolutionNode = FALSE
	EndGlobalSection
	GlobalSection(ExtensibilityGlobals) = postSolution
		SolutionGuid = {AFA080F2-C223-45BC-8505-314D7747928A}
	EndGlobalSection
EndGlobal
